
Microsoft Visual Studio Solution File, Format Version 12.00
# Visual Studio 15
VisualStudioVersion = 15.0.27004.2005
MinimumVisualStudioVersion = 10.0.40219.1
Project("{FAE04EC0-301F-11D3-BF4B-00C04F79EFBC}") = "DomainClasses", "DomainClasses\DomainClasses.csproj", "{6A2DA589-4327-45AD-AE8D-D8A1E817D8AC}"
EndProject
Global
	GlobalSection(SolutionConfigurationPlatforms) = preSolution
		Debug|Any CPU = Debug|Any CPU
		Release|Any CPU = Release|Any CPU
	EndGlobalSection
	GlobalSection(ProjectConfigurationPlatforms) = postSolution
		{6A2DA589-4327-45AD-AE8D-D8A1E817D8AC}.Debug|Any CPU.ActiveCfg = Debug|Any CPU
		{6A2DA589-4327-45AD-AE8D-D8A1E817D8AC}.Debug|Any CPU.Build.0 = Debug|Any CPU
		{6A2DA589-4327-45AD-AE8D-D8A1E817D8AC}.Release|Any CPU.ActiveCfg = Release|Any CPU
		{6A2DA589-4327-45AD-AE8D-D8A1E817D8AC}.Release|Any CPU.Build.0 = Release|Any CPU
	EndGlobalSection
	GlobalSection(SolutionProperties) = preSolution
		HideSolutionNode = FALSE
	EndGlobalSection
	GlobalSection(ExtensibilityGlobals) = postSolution
		SolutionGuid = {C17567E6-FAA6-4B49-A54F-FC2AAED2441A}
	EndGlobalSection
EndGlobal
